<?xml version="1.0" encoding="utf-8"?>
<Project ToolsVersion="4.0" xmlns="http://schemas.microsoft.com/developer/msbuild/2003">
  <ItemGroup>
    <Filter Include="Header Files">
      <UniqueIdentifier>{93995380-89BD-4b04-88EB-625FBE52EBFB}</UniqueIdentifier>
      <Extensions>h;hh;hpp;hxx;hm;inl;inc;xsd</Extensions>
    </Filter>
    <Filter Include="Resource Files">
      <UniqueIdentifier>{67DA6AB6-F800-4c08-8B7A-83BB121AAD01}</UniqueIdentifier>
      <Extensions>rc;ico;cur;bmp;dlg;rc2;rct;bin;rgs;gif;jpg;jpeg;jpe;resx;tiff;tif;png;wav;mfcribbon-ms</Extensions>
    </Filter>
    <Filter Include="Source Code">
      <UniqueIdentifier>{4FC737F1-C7A5-4376-A066-2A32D752A2FF}</UniqueIdentifier>
      <Extensions>cpp;c;cc;cxx;def;odl;idl;hpj;bat;asm;asmx</Extensions>
    </Filter>
    <Filter Include="Source Code\Stitching">
      <UniqueIdentifier>{09743d8f-e0ec-4d5b-b83f-afc9d5311289}</UniqueIdentifier>
    </Filter>
    <Filter Include="Source Code\Touch">
      <UniqueIdentifier>{4df4bc54-a1c8-43da-91ac-086f667777ba}</UniqueIdentifier>
    </Filter>
    <Filter Include="Source Code\Perspective Correction">
      <UniqueIdentifier>{b0cce6ae-96aa-4b63-923f-3c6a98859ee0}</UniqueIdentifier>
    </Filter>
    <Filter Include="Source Code\Json">
      <UniqueIdentifier>{39c27820-cb2b-42df-b529-5b21e740c525}</UniqueIdentifier>
    </Filter>
  </ItemGroup>
  <ItemGroup>
    <ClInclude Include="..\..\Code\Main.h">
      <Filter>Source Code</Filter>
    </ClInclude>
    <ClInclude Include="..\..\Code\RealTimeStitcher.h">
      <Filter>Source Code\Stitching</Filter>
    </ClInclude>
    <ClInclude Include="..\..\Code\TouchTracker.h">
      <Filter>Source Code\Touch</Filter>
    </ClInclude>
    <ClInclude Include="..\..\Code\CorrectPerspective.h">
      <Filter>Source Code\Perspective Correction</Filter>
    </ClInclude>
    <ClInclude Include="..\..\Code\ImageCorrection.h">
      <Filter>Source Code</Filter>
    </ClInclude>
    <ClInclude Include="..\..\Code\json.hpp">
      <Filter>Source Code\Json</Filter>
    </ClInclude>
  </ItemGroup>
  <ItemGroup>
    <ClCompile Include="..\..\Code\Main.cpp">
      <Filter>Source Code</Filter>
    </ClCompile>
    <ClCompile Include="..\..\Code\RealTimeStitcher.cpp">
      <Filter>Source Code\Stitching</Filter>
    </ClCompile>
    <ClCompile Include="..\..\Code\TouchTracker.cpp">
      <Filter>Source Code\Touch</Filter>
    </ClCompile>
    <ClCompile Include="..\..\Code\CorrectPerspective.cpp">
      <Filter>Source Code\Perspective Correction</Filter>
    </ClCompile>
    <ClCompile Include="..\..\Code\ImageCorrection.cpp">
      <Filter>Source Code</Filter>
    </ClCompile>
  </ItemGroup>
</Project>